
Microsoft Visual Studio Solution File, Format Version 12.00
# Visual Studio 15
VisualStudioVersion = 15.0.27428.2043
MinimumVisualStudioVersion = 10.0.40219.1
Project("{FAE04EC0-301F-11D3-BF4B-00C04F79EFBC}") = "AutoStartAzureAS", "AutoStartAzureAS.csproj", "{2F1C8C6A-0E2A-4C9F-B529-0C0AA0CE0BB4}"
EndProject
Global
	GlobalSection(SolutionConfigurationPlatforms) = preSolution
		Debug|Any CPU = Debug|Any CPU
		Release|Any CPU = Release|Any CPU
	EndGlobalSection
	GlobalSection(ProjectConfigurationPlatforms) = postSolution
		{2F1C8C6A-0E2A-4C9F-B529-0C0AA0CE0BB4}.Debug|Any CPU.ActiveCfg = Debug|Any CPU
		{2F1C8C6A-0E2A-4C9F-B529-0C0AA0CE0BB4}.Debug|Any CPU.Build.0 = Debug|Any CPU
		{2F1C8C6A-0E2A-4C9F-B529-0C0AA0CE0BB4}.Release|Any CPU.ActiveCfg = Release|Any CPU
		{2F1C8C6A-0E2A-4C9F-B529-0C0AA0CE0BB4}.Release|Any CPU.Build.0 = Release|Any CPU
	EndGlobalSection
	GlobalSection(SolutionProperties) = preSolution
		HideSolutionNode = FALSE
	EndGlobalSection
	GlobalSection(ExtensibilityGlobals) = postSolution
		SolutionGuid = {9A3664E0-F7A0-43B9-884B-C2663559478B}
	EndGlobalSection
EndGlobal
